
Microsoft Visual Studio Solution File, Format Version 12.00
# Visual Studio Version 17
VisualStudioVersion = 17.8.34511.84
MinimumVisualStudioVersion = 10.0.40219.1
Project("{9A19103F-16F7-4668-BE54-9A1E7A4F7556}") = "Backend", "Backend.csproj", "{4D6E77DE-7948-46CF-8532-275BF87C4F73}"
EndProject
Project("{FAE04EC0-301F-11D3-BF4B-00C04F79EFBC}") = "Backend.Tests", "..\Backend.Tests\Backend.Tests.csproj", "{B281399E-63ED-48AC-A8B8-77D50BC2D1C3}"
EndProject
Global
	GlobalSection(SolutionConfigurationPlatforms) = preSolution
		Debug|Any CPU = Debug|Any CPU
		Release|Any CPU = Release|Any CPU
	EndGlobalSection
	GlobalSection(ProjectConfigurationPlatforms) = postSolution
		{4D6E77DE-7948-46CF-8532-275BF87C4F73}.Debug|Any CPU.ActiveCfg = Debug|Any CPU
		{4D6E77DE-7948-46CF-8532-275BF87C4F73}.Debug|Any CPU.Build.0 = Debug|Any CPU
		{4D6E77DE-7948-46CF-8532-275BF87C4F73}.Release|Any CPU.ActiveCfg = Release|Any CPU
		{4D6E77DE-7948-46CF-8532-275BF87C4F73}.Release|Any CPU.Build.0 = Release|Any CPU
		{B281399E-63ED-48AC-A8B8-77D50BC2D1C3}.Debug|Any CPU.ActiveCfg = Debug|Any CPU
		{B281399E-63ED-48AC-A8B8-77D50BC2D1C3}.Debug|Any CPU.Build.0 = Debug|Any CPU
		{B281399E-63ED-48AC-A8B8-77D50BC2D1C3}.Release|Any CPU.ActiveCfg = Release|Any CPU
		{B281399E-63ED-48AC-A8B8-77D50BC2D1C3}.Release|Any CPU.Build.0 = Release|Any CPU
	EndGlobalSection
	GlobalSection(SolutionProperties) = preSolution
		HideSolutionNode = FALSE
	EndGlobalSection
	GlobalSection(ExtensibilityGlobals) = postSolution
		SolutionGuid = {6BDBCE4B-8A45-422D-A40D-21BE3E8CB3F3}
	EndGlobalSection
EndGlobal
